
Microsoft Visual Studio Solution File, Format Version 12.00
# Visual Studio Version 17
VisualStudioVersion = 17.12.35527.113 d17.12
MinimumVisualStudioVersion = 10.0.40219.1
Project("{FAE04EC0-301F-11D3-BF4B-00C04F79EFBC}") = "AndrewApp", "AndrewApp\AndrewApp.csproj", "{A412C793-DC8D-4712-B282-28AE2109C64A}"
EndProject
Project("{FAE04EC0-301F-11D3-BF4B-00C04F79EFBC}") = "AndrewCore", "AndrewCore\AndrewCore.csproj", "{ACC74294-C009-4756-921C-E1CCF90DB29B}"
EndProject
Project("{FAE04EC0-301F-11D3-BF4B-00C04F79EFBC}") = "AndrewDAL", "AndrewDAL\AndrewDAL.csproj", "{DD223201-AB14-42A8-8352-83F1441CCE5D}"
EndProject
Global
	GlobalSection(SolutionConfigurationPlatforms) = preSolution
		Debug|Any CPU = Debug|Any CPU
		Release|Any CPU = Release|Any CPU
	EndGlobalSection
	GlobalSection(ProjectConfigurationPlatforms) = postSolution
		{A412C793-DC8D-4712-B282-28AE2109C64A}.Debug|Any CPU.ActiveCfg = Debug|Any CPU
		{A412C793-DC8D-4712-B282-28AE2109C64A}.Debug|Any CPU.Build.0 = Debug|Any CPU
		{A412C793-DC8D-4712-B282-28AE2109C64A}.Release|Any CPU.ActiveCfg = Release|Any CPU
		{A412C793-DC8D-4712-B282-28AE2109C64A}.Release|Any CPU.Build.0 = Release|Any CPU
		{ACC74294-C009-4756-921C-E1CCF90DB29B}.Debug|Any CPU.ActiveCfg = Debug|Any CPU
		{ACC74294-C009-4756-921C-E1CCF90DB29B}.Debug|Any CPU.Build.0 = Debug|Any CPU
		{ACC74294-C009-4756-921C-E1CCF90DB29B}.Release|Any CPU.ActiveCfg = Release|Any CPU
		{ACC74294-C009-4756-921C-E1CCF90DB29B}.Release|Any CPU.Build.0 = Release|Any CPU
		{DD223201-AB14-42A8-8352-83F1441CCE5D}.Debug|Any CPU.ActiveCfg = Debug|Any CPU
		{DD223201-AB14-42A8-8352-83F1441CCE5D}.Debug|Any CPU.Build.0 = Debug|Any CPU
		{DD223201-AB14-42A8-8352-83F1441CCE5D}.Release|Any CPU.ActiveCfg = Release|Any CPU
		{DD223201-AB14-42A8-8352-83F1441CCE5D}.Release|Any CPU.Build.0 = Release|Any CPU
	EndGlobalSection
	GlobalSection(SolutionProperties) = preSolution
		HideSolutionNode = FALSE
	EndGlobalSection
EndGlobal
